// !$*UTF8*$!
{
	archiveVersion = 1;
	classes = {
	};
	objectVersion = 46;
	objects = {

/* Begin PBXBuildFile section */
		04B4CE5E1B2EEFDA006BC89D /* main.m in Sources */ = {isa = PBXBuildFile; fileRef = 04B4CE5D1B2EEFDA006BC89D /* main.m */; };
		04B4CE611B2EEFDA006BC89D /* AppDelegate.m in Sources */ = {isa = PBXBuildFile; fileRef = 04B4CE601B2EEFDA006BC89D /* AppDelegate.m */; };
		04B4CE641B2EEFDA006BC89D /* segmentdemo.xcdatamodeld in Sources */ = {isa = PBXBuildFile; fileRef = 04B4CE621B2EEFDA006BC89D /* segmentdemo.xcdatamodeld */; };
		04B4CE671B2EEFDA006BC89D /* ViewController.m in Sources */ = {isa = PBXBuildFile; fileRef = 04B4CE661B2EEFDA006BC89D /* ViewController.m */; };
		04B4CE6A1B2EEFDA006BC89D /* Main.storyboard in Resources */ = {isa = PBXBuildFile; fileRef = 04B4CE681B2EEFDA006BC89D /* Main.storyboard */; };
		04B4CE6C1B2EEFDA006BC89D /* Images.xcassets in Resources */ = {isa = PBXBuildFile; fileRef = 04B4CE6B1B2EEFDA006BC89D /* Images.xcassets */; };
		04B4CE6F1B2EEFDA006BC89D /* LaunchScreen.xib in Resources */ = {isa = PBXBuildFile; fileRef = 04B4CE6D1B2EEFDA006BC89D /* LaunchScreen.xib */; };
		04B4CE7B1B2EEFDA006BC89D /* segmentdemoTests.m in Sources */ = {isa = PBXBuildFile; fileRef = 04B4CE7A1B2EEFDA006BC89D /* segmentdemoTests.m */; };
		04B4CE861B2EF997006BC89D /* oneViewController.m in Sources */ = {isa = PBXBuildFile; fileRef = 04B4CE851B2EF997006BC89D /* oneViewController.m */; };
		04B4CE891B2EF9A7006BC89D /* twoViewController.m in Sources */ = {isa = PBXBuildFile; fileRef = 04B4CE881B2EF9A7006BC89D /* twoViewController.m */; };
		04B4CE8C1B2EF9B2006BC89D /* threeViewController.m in Sources */ = {isa = PBXBuildFile; fileRef = 04B4CE8B1B2EF9B2006BC89D /* threeViewController.m */; };
/* End PBXBuildFile section */

/* Begin PBXContainerItemProxy section */
		04B4CE751B2EEFDA006BC89D /* PBXContainerItemProxy */ = {
			isa = PBXContainerItemProxy;
			containerPortal = 04B4CE501B2EEFDA006BC89D /* Project object */;
			proxyType = 1;
			remoteGlobalIDString = 04B4CE571B2EEFDA006BC89D;
			remoteInfo = segmentdemo;
		};
/* End PBXContainerItemProxy section */

/* Begin PBXFileReference section */
		04B4CE581B2EEFDA006BC89D /* segmentdemo.app */ = {isa = PBXFileReference; explicitFileType = wrapper.application; includeInIndex = 0; path = segmentdemo.app; sourceTree = BUILT_PRODUCTS_DIR; };
		04B4CE5C1B2EEFDA006BC89D /* Info.plist */ = {isa = PBXFileReference; lastKnownFileType = text.plist.xml; path = Info.plist; sourceTree = "<group>"; };
		04B4CE5D1B2EEFDA006BC89D /* main.m */ = {isa = PBXFileReference; lastKnownFileType = sourcecode.c.objc; path = main.m; sourceTree = "<group>"; };
		04B4CE5F1B2EEFDA006BC89D /* AppDelegate.h */ = {isa = PBXFileReference; lastKnownFileType = sourcecode.c.h; path = AppDelegate.h; sourceTree = "<group>"; };
		04B4CE601B2EEFDA006BC89D /* AppDelegate.m */ = {isa = PBXFileReference; lastKnownFileType = sourcecode.c.objc; path = AppDelegate.m; sourceTree = "<group>"; };
		04B4CE631B2EEFDA006BC89D /* segmentdemo.xcdatamodel */ = {isa = PBXFileReference; lastKnownFileType = wrapper.xcdatamodel; path = segmentdemo.xcdatamodel; sourceTree = "<group>"; };
		04B4CE651B2EEFDA006BC89D /* ViewController.h */ = {isa = PBXFileReference; lastKnownFileType = sourcecode.c.h; path = ViewController.h; sourceTree = "<group>"; };
		04B4CE661B2EEFDA006BC89D /* ViewController.m */ = {isa = PBXFileReference; lastKnownFileType = sourcecode.c.objc; path = ViewController.m; sourceTree = "<group>"; };
		04B4CE691B2EEFDA006BC89D /* Base */ = {isa = PBXFileReference; lastKnownFileType = file.storyboard; name = Base; path = Base.lproj/Main.storyboard; sourceTree = "<group>"; };
		04B4CE6B1B2EEFDA006BC89D /* Images.xcassets */ = {isa = PBXFileReference; lastKnownFileType = folder.assetcatalog; path = Images.xcassets; sourceTree = "<group>"; };
		04B4CE6E1B2EEFDA006BC89D /* Base */ = {isa = PBXFileReference; lastKnownFileType = file.xib; name = Base; path = Base.lproj/LaunchScreen.xib; sourceTree = "<group>"; };
		04B4CE741B2EEFDA006BC89D /* segmentdemoTests.xctest */ = {isa = PBXFileReference; explicitFileType = wrapper.cfbundle; includeInIndex = 0; path = segmentdemoTests.xctest; sourceTree = BUILT_PRODUCTS_DIR; };
		04B4CE791B2EEFDA006BC89D /* Info.plist */ = {isa = PBXFileReference; lastKnownFileType = text.plist.xml; path = Info.plist; sourceTree = "<group>"; };
		04B4CE7A1B2EEFDA006BC89D /* segmentdemoTests.m */ = {isa = PBXFileReference; lastKnownFileType = sourcecode.c.objc; path = segmentdemoTests.m; sourceTree = "<group>"; };
		04B4CE841B2EF997006BC89D /* oneViewController.h */ = {isa = PBXFileReference; fileEncoding = 4; lastKnownFileType = sourcecode.c.h; path = oneViewController.h; sourceTree = "<group>"; };
		04B4CE851B2EF997006BC89D /* oneViewController.m */ = {isa = PBXFileReference; fileEncoding = 4; lastKnownFileType = sourcecode.c.objc; path = oneViewController.m; sourceTree = "<group>"; };
		04B4CE871B2EF9A7006BC89D /* twoViewController.h */ = {isa = PBXFileReference; fileEncoding = 4; lastKnownFileType = sourcecode.c.h; path = twoViewController.h; sourceTree = "<group>"; };
		04B4CE881B2EF9A7006BC89D /* twoViewController.m */ = {isa = PBXFileReference; fileEncoding = 4; lastKnownFileType = sourcecode.c.objc; path = twoViewController.m; sourceTree = "<group>"; };
		04B4CE8A1B2EF9B2006BC89D /* threeViewController.h */ = {isa = PBXFileReference; fileEncoding = 4; lastKnownFileType = sourcecode.c.h; path = threeViewController.h; sourceTree = "<group>"; };
		04B4CE8B1B2EF9B2006BC89D /* threeViewController.m */ = {isa = PBXFileReference; fileEncoding = 4; lastKnownFileType = sourcecode.c.objc; path = threeViewController.m; sourceTree = "<group>"; };
/* End PBXFileReference section */

/* Begin PBXFrameworksBuildPhase section */
		04B4CE551B2EEFDA006BC89D /* Frameworks */ = {
			isa = PBXFrameworksBuildPhase;
			buildActionMask = 2147483647;
			files = (
			);
			runOnlyForDeploymentPostprocessing = 0;
		};
		04B4CE711B2EEFDA006BC89D /* Frameworks */ = {
			isa = PBXFrameworksBuildPhase;
			buildActionMask = 2147483647;
			files = (
			);
			runOnlyForDeploymentPostprocessing = 0;
		};
/* End PBXFrameworksBuildPhase section */

/* Begin PBXGroup section */
		04B4CE4F1B2EEFDA006BC89D = {
			isa = PBXGroup;
			children = (
				04B4CE5A1B2EEFDA006BC89D /* segmentdemo */,
				04B4CE771B2EEFDA006BC89D /* segmentdemoTests */,
				04B4CE591B2EEFDA006BC89D /* Products */,
			);
			sourceTree = "<group>";
		};
		04B4CE591B2EEFDA006BC89D /* Products */ = {
			isa = PBXGroup;
			children = (
				04B4CE581B2EEFDA006BC89D /* segmentdemo.app */,
				04B4CE741B2EEFDA006BC89D /* segmentdemoTests.xctest */,
			);
			name = Products;
			sourceTree = "<group>";
		};
		04B4CE5A1B2EEFDA006BC89D /* segmentdemo */ = {
			isa = PBXGroup;
			children = (
				04B4CE5F1B2EEFDA006BC89D /* AppDelegate.h */,
				04B4CE601B2EEFDA006BC89D /* AppDelegate.m */,
				04B4CE651B2EEFDA006BC89D /* ViewController.h */,
				04B4CE661B2EEFDA006BC89D /* ViewController.m */,
				04B4CE681B2EEFDA006BC89D /* Main.storyboard */,
				04B4CE6B1B2EEFDA006BC89D /* Images.xcassets */,
				04B4CE6D1B2EEFDA006BC89D /* LaunchScreen.xib */,
				04B4CE621B2EEFDA006BC89D /* segmentdemo.xcdatamodeld */,
				04B4CE5B1B2EEFDA006BC89D /* Supporting Files */,
				04B4CE841B2EF997006BC89D /* oneViewController.h */,
				04B4CE851B2EF997006BC89D /* oneViewController.m */,
				04B4CE871B2EF9A7006BC89D /* twoViewController.h */,
				04B4CE881B2EF9A7006BC89D /* twoViewController.m */,
				04B4CE8A1B2EF9B2006BC89D /* threeViewController.h */,
				04B4CE8B1B2EF9B2006BC89D /* threeViewController.m */,
			);
			path = segmentdemo;
			sourceTree = "<group>";
		};
		04B4CE5B1B2EEFDA006BC89D /* Supporting Files */ = {
			isa = PBXGroup;
			children = (
				04B4CE5C1B2EEFDA006BC89D /* Info.plist */,
				04B4CE5D1B2EEFDA006BC89D /* main.m */,
			);
			name = "Supporting Files";
			sourceTree = "<group>";
		};
		04B4CE771B2EEFDA006BC89D /* segmentdemoTests */ = {
			isa = PBXGroup;
			children = (
				04B4CE7A1B2EEFDA006BC89D /* segmentdemoTests.m */,
				04B4CE781B2EEFDA006BC89D /* Supporting Files */,
			);
			path = segmentdemoTests;
			sourceTree = "<group>";
		};
		04B4CE781B2EEFDA006BC89D /* Supporting Files */ = {
			isa = PBXGroup;
			children = (
				04B4CE791B2EEFDA006BC89D /* Info.plist */,
			);
			name = "Supporting Files";
			sourceTree = "<group>";
		};
/* End PBXGroup section */

/* Begin PBXNativeTarget section */
		04B4CE571B2EEFDA006BC89D /* segmentdemo */ = {
			isa = PBXNativeTarget;
			buildConfigurationList = 04B4CE7E1B2EEFDA006BC89D /* Build configuration list for PBXNativeTarget "segmentdemo" */;
			buildPhases = (
				04B4CE541B2EEFDA006BC89D /* Sources */,
				04B4CE551B2EEFDA006BC89D /* Frameworks */,
				04B4CE561B2EEFDA006BC89D /* Resources */,
			);
			buildRules = (
			);
			dependencies = (
			);
			name = segmentdemo;
			productName = segmentdemo;
			productReference = 04B4CE581B2EEFDA006BC89D /* segmentdemo.app */;
			productType = "com.apple.product-type.application";
		};
		04B4CE731B2EEFDA006BC89D /* segmentdemoTests */ = {
			isa = PBXNativeTarget;
			buildConfigurationList = 04B4CE811B2EEFDA006BC89D /* Build configuration list for PBXNativeTarget "segmentdemoTests" */;
			buildPhases = (
				04B4CE701B2EEFDA006BC89D /* Sources */,
				04B4CE711B2EEFDA006BC89D /* Frameworks */,
				04B4CE721B2EEFDA006BC89D /* Resources */,
			);
			buildRules = (
			);
			dependencies = (
				04B4CE761B2EEFDA006BC89D /* PBXTargetDependency */,
			);
			name = segmentdemoTests;
			productName = segmentdemoTests;
			productReference = 04B4CE741B2EEFDA006BC89D /* segmentdemoTests.xctest */;
			productType = "com.apple.product-type.bundle.unit-test";
		};
/* End PBXNativeTarget section */

/* Begin PBXProject section */
		04B4CE501B2EEFDA006BC89D /* Project object */ = {
			isa = PBXProject;
			attributes = {
				LastUpgradeCheck = 0610;
				ORGANIZATIONNAME = mac;
				TargetAttributes = {
					04B4CE571B2EEFDA006BC89D = {
						CreatedOnToolsVersion = 6.1.1;
					};
					04B4CE731B2EEFDA006BC89D = {
						CreatedOnToolsVersion = 6.1.1;
						TestTargetID = 04B4CE571B2EEFDA006BC89D;
					};
				};
			};
			buildConfigurationList = 04B4CE531B2EEFDA006BC89D /* Build configuration list for PBXProject "segmentdemo" */;
			compatibilityVersion = "Xcode 3.2";
			developmentRegion = English;
			hasScannedForEncodings = 0;
			knownRegions = (
				en,
				Base,
			);
			mainGroup = 04B4CE4F1B2EEFDA006BC89D;
			productRefGroup = 04B4CE591B2EEFDA006BC89D /* Products */;
			projectDirPath = "";
			projectRoot = "";
			targets = (
				04B4CE571B2EEFDA006BC89D /* segmentdemo */,
				04B4CE731B2EEFDA006BC89D /* segmentdemoTests */,
			);
		};
/* End PBXProject section */

/* Begin PBXResourcesBuildPhase section */
		04B4CE561B2EEFDA006BC89D /* Resources */ = {
			isa = PBXResourcesBuildPhase;
			buildActionMask = 2147483647;
			files = (
				04B4CE6A1B2EEFDA006BC89D /* Main.storyboard in Resources */,
				04B4CE6F1B2EEFDA006BC89D /* LaunchScreen.xib in Resources */,
				04B4CE6C1B2EEFDA006BC89D /* Images.xcassets in Resources */,
			);
			runOnlyForDeploymentPostprocessing = 0;
		};
		04B4CE721B2EEFDA006BC89D /* Resources */ = {
			isa = PBXResourcesBuildPhase;
			buildActionMask = 2147483647;
			files = (
			);
			runOnlyForDeploymentPostprocessing = 0;
		};
/* End PBXResourcesBuildPhase section */

/* Begin PBXSourcesBuildPhase section */
		04B4CE541B2EEFDA006BC89D /* Sources */ = {
			isa = PBXSourcesBuildPhase;
			buildActionMask = 2147483647;
			files = (
				04B4CE611B2EEFDA006BC89D /* AppDelegate.m in Sources */,
				04B4CE641B2EEFDA006BC89D /* segmentdemo.xcdatamodeld in Sources */,
				04B4CE8C1B2EF9B2006BC89D /* threeViewController.m in Sources */,
				04B4CE861B2EF997006BC89D /* oneViewController.m in Sources */,
				04B4CE671B2EEFDA006BC89D /* ViewController.m in Sources */,
				04B4CE5E1B2EEFDA006BC89D /* main.m in Sources */,
				04B4CE891B2EF9A7006BC89D /* twoViewController.m in Sources */,
			);
			runOnlyForDeploymentPostprocessing = 0;
		};
		04B4CE701B2EEFDA006BC89D /* Sources */ = {
			isa = PBXSourcesBuildPhase;
			buildActionMask = 2147483647;
			files = (
				04B4CE7B1B2EEFDA006BC89D /* segmentdemoTests.m in Sources */,
			);
			runOnlyForDeploymentPostprocessing = 0;
		};
/* End PBXSourcesBuildPhase section */

/* Begin PBXTargetDependency section */
		04B4CE761B2EEFDA006BC89D /* PBXTargetDependency */ = {
			isa = PBXTargetDependency;
			target = 04B4CE571B2EEFDA006BC89D /* segmentdemo */;
			targetProxy = 04B4CE751B2EEFDA006BC89D /* PBXContainerItemProxy */;
		};
/* End PBXTargetDependency section */

/* Begin PBXVariantGroup section */
		04B4CE681B2EEFDA006BC89D /* Main.storyboard */ = {
			isa = PBXVariantGroup;
			children = (
				04B4CE691B2EEFDA006BC89D /* Base */,
			);
			name = Main.storyboard;
			sourceTree = "<group>";
		};
		04B4CE6D1B2EEFDA006BC89D /* LaunchScreen.xib */ = {
			isa = PBXVariantGroup;
			children = (
				04B4CE6E1B2EEFDA006BC89D /* Base */,
			);
			name = LaunchScreen.xib;
			sourceTree = "<group>";
		};
/* End PBXVariantGroup section */

/* Begin XCBuildConfiguration section */
		04B4CE7C1B2EEFDA006BC89D /* Debug */ = {
			isa = XCBuildConfiguration;
			buildSettings = {
				ALWAYS_SEARCH_USER_PATHS = NO;
				CLANG_CXX_LANGUAGE_STANDARD = "gnu++0x";
				CLANG_CXX_LIBRARY = "libc++";
				CLANG_ENABLE_MODULES = YES;
				CLANG_ENABLE_OBJC_ARC = YES;
				CLANG_WARN_BOOL_CONVERSION = YES;
				CLANG_WARN_CONSTANT_CONVERSION = YES;
				CLANG_WARN_DIRECT_OBJC_ISA_USAGE = YES_ERROR;
				CLANG_WARN_EMPTY_BODY = YES;
				CLANG_WARN_ENUM_CONVERSION = YES;
				CLANG_WARN_INT_CONVERSION = YES;
				CLANG_WARN_OBJC_ROOT_CLASS = YES_ERROR;
				CLANG_WARN_UNREACHABLE_CODE = YES;
				CLANG_WARN__DUPLICATE_METHOD_MATCH = YES;
				"CODE_SIGN_IDENTITY[sdk=iphoneos*]" = "iPhone Developer";
				COPY_PHASE_STRIP = NO;
				ENABLE_STRICT_OBJC_MSGSEND = YES;
				GCC_C_LANGUAGE_STANDARD = gnu99;
				GCC_DYNAMIC_NO_PIC = NO;
				GCC_OPTIMIZATION_LEVEL = 0;
				GCC_PREPROCESSOR_DEFINITIONS = (
					"DEBUG=1",
					"$(inherited)",
				);
				GCC_SYMBOLS_PRIVATE_EXTERN = NO;
				GCC_WARN_64_TO_32_BIT_CONVERSION = YES;
				GCC_WARN_ABOUT_RETURN_TYPE = YES_ERROR;
				GCC_WARN_UNDECLARED_SELECTOR = YES;
				GCC_WARN_UNINITIALIZED_AUTOS = YES_AGGRESSIVE;
				GCC_WARN_UNUSED_FUNCTION = YES;
				GCC_WARN_UNUSED_VARIABLE = YES;
				IPHONEOS_DEPLOYMENT_TARGET = 8.1;
				MTL_ENABLE_DEBUG_INFO = YES;
				ONLY_ACTIVE_ARCH = YES;
				SDKROOT = iphoneos;
			};
			name = Debug;
		};
		04B4CE7D1B2EEFDA006BC89D /* Release */ = {
			isa = XCBuildConfiguration;
			buildSettings = {
				ALWAYS_SEARCH_USER_PATHS = NO;
				CLANG_CXX_LANGUAGE_STANDARD = "gnu++0x";
				CLANG_CXX_LIBRARY = "libc++";
				CLANG_ENABLE_MODULES = YES;
				CLANG_ENABLE_OBJC_ARC = YES;
				CLANG_WARN_BOOL_CONVERSION = YES;
				CLANG_WARN_CONSTANT_CONVERSION = YES;
				CLANG_WARN_DIRECT_OBJC_ISA_USAGE = YES_ERROR;
				CLANG_WARN_EMPTY_BODY = YES;
				CLANG_WARN_ENUM_CONVERSION = YES;
				CLANG_WARN_INT_CONVERSION = YES;
				CLANG_WARN_OBJC_ROOT_CLASS = YES_ERROR;
				CLANG_WARN_UNREACHABLE_CODE = YES;
				CLANG_WARN__DUPLICATE_METHOD_MATCH = YES;
				"CODE_SIGN_IDENTITY[sdk=iphoneos*]" = "iPhone Developer";
				COPY_PHASE_STRIP = YES;
				ENABLE_NS_ASSERTIONS = NO;
				ENABLE_STRICT_OBJC_MSGSEND = YES;
				GCC_C_LANGUAGE_STANDARD = gnu99;
				GCC_WARN_64_TO_32_BIT_CONVERSION = YES;
				GCC_WARN_ABOUT_RETURN_TYPE = YES_ERROR;
				GCC_WARN_UNDECLARED_SELECTOR = YES;
				GCC_WARN_UNINITIALIZED_AUTOS = YES_AGGRESSIVE;
				GCC_WARN_UNUSED_FUNCTION = YES;
				GCC_WARN_UNUSED_VARIABLE = YES;
				IPHONEOS_DEPLOYMENT_TARGET = 8.1;
				MTL_ENABLE_DEBUG_INFO = NO;
				SDKROOT = iphoneos;
				VALIDATE_PRODUCT = YES;
			};
			name = Release;
		};
		04B4CE7F1B2EEFDA006BC89D /* Debug */ = {
			isa = XCBuildConfiguration;
			buildSettings = {
				ASSETCATALOG_COMPILER_APPICON_NAME = AppIcon;
				INFOPLIST_FILE = segmentdemo/Info.plist;
				IPHONEOS_DEPLOYMENT_TARGET = 7.0;
				LD_RUNPATH_SEARCH_PATHS = "$(inherited) @executable_path/Frameworks";
				PRODUCT_NAME = "$(TARGET_NAME)";
			};
			name = Debug;
		};
		04B4CE801B2EEFDA006BC89D /* Release */ = {
			isa = XCBuildConfiguration;
			buildSettings = {
				ASSETCATALOG_COMPILER_APPICON_NAME = AppIcon;
				INFOPLIST_FILE = segmentdemo/Info.plist;
				IPHONEOS_DEPLOYMENT_TARGET = 7.0;
				LD_RUNPATH_SEARCH_PATHS = "$(inherited) @executable_path/Frameworks";
				PRODUCT_NAME = "$(TARGET_NAME)";
			};
			name = Release;
		};
		04B4CE821B2EEFDA006BC89D /* Debug */ = {
			isa = XCBuildConfiguration;
			buildSettings = {
				BUNDLE_LOADER = "$(TEST_HOST)";
				FRAMEWORK_SEARCH_PATHS = (
					"$(SDKROOT)/Developer/Library/Frameworks",
					"$(inherited)",
				);
				GCC_PREPROCESSOR_DEFINITIONS = (
					"DEBUG=1",
					"$(inherited)",
				);
				INFOPLIST_FILE = segmentdemoTests/Info.plist;
				LD_RUNPATH_SEARCH_PATHS = "$(inherited) @executable_path/Frameworks @loader_path/Frameworks";
				PRODUCT_NAME = "$(TARGET_NAME)";
				TEST_HOST = "$(BUILT_PRODUCTS_DIR)/segmentdemo.app/segmentdemo";
			};
			name = Debug;
		};
		04B4CE831B2EEFDA006BC89D /* Release */ = {
			isa = XCBuildConfiguration;
			buildSettings = {
				BUNDLE_LOADER = "$(TEST_HOST)";
				FRAMEWORK_SEARCH_PATHS = (
					"$(SDKROOT)/Developer/Library/Frameworks",
					"$(inherited)",
				);
				INFOPLIST_FILE = segmentdemoTests/Info.plist;
				LD_RUNPATH_SEARCH_PATHS = "$(inherited) @executable_path/Frameworks @loader_path/Frameworks";
				PRODUCT_NAME = "$(TARGET_NAME)";
				TEST_HOST = "$(BUILT_PRODUCTS_DIR)/segmentdemo.app/segmentdemo";
			};
			name = Release;
		};
/* End XCBuildConfiguration section */

/* Begin XCConfigurationList section */
		04B4CE531B2EEFDA006BC89D /* Build configuration list for PBXProject "segmentdemo" */ = {
			isa = XCConfigurationList;
			buildConfigurations = (
				04B4CE7C1B2EEFDA006BC89D /* Debug */,
				04B4CE7D1B2EEFDA006BC89D /* Release */,
			);
			defaultConfigurationIsVisible = 0;
			defaultConfigurationName = Release;
		};
		04B4CE7E1B2EEFDA006BC89D /* Build configuration list for PBXNativeTarget "segmentdemo" */ = {
			isa = XCConfigurationList;
			buildConfigurations = (
				04B4CE7F1B2EEFDA006BC89D /* Debug */,
				04B4CE801B2EEFDA006BC89D /* Release */,
			);
			defaultConfigurationIsVisible = 0;
		};
		04B4CE811B2EEFDA006BC89D /* Build configuration list for PBXNativeTarget "segmentdemoTests" */ = {
			isa = XCConfigurationList;
			buildConfigurations = (
				04B4CE821B2EEFDA006BC89D /* Debug */,
				04B4CE831B2EEFDA006BC89D /* Release */,
			);
			defaultConfigurationIsVisible = 0;
		};
/* End XCConfigurationList section */

/* Begin XCVersionGroup section */
		04B4CE621B2EEFDA006BC89D /* segmentdemo.xcdatamodeld */ = {
			isa = XCVersionGroup;
			children = (
				04B4CE631B2EEFDA006BC89D /* segmentdemo.xcdatamodel */,
			);
			currentVersion = 04B4CE631B2EEFDA006BC89D /* segmentdemo.xcdatamodel */;
			path = segmentdemo.xcdatamodeld;
			sourceTree = "<group>";
			versionGroupType = wrapper.xcdatamodel;
		};
/* End XCVersionGroup section */
	};
	rootObject = 04B4CE501B2EEFDA006BC89D /* Project object */;
}
